
Microsoft Visual Studio Solution File, Format Version 12.00
# Visual Studio Version 17
VisualStudioVersion = 17.7.34202.233
MinimumVisualStudioVersion = 10.0.40219.1
Project("{FAE04EC0-301F-11D3-BF4B-00C04F79EFBC}") = "CapaDatos", "CapaDatos\CapaDatos.csproj", "{68995DDA-C1FE-46A7-9118-BCD6506CFD8B}"
EndProject
Project("{FAE04EC0-301F-11D3-BF4B-00C04F79EFBC}") = "CapaNegocios", "CapaNegocios\CapaNegocios.csproj", "{7FD17DFB-B9BC-4700-8B44-5D67E7EA2D03}"
EndProject
Project("{FAE04EC0-301F-11D3-BF4B-00C04F79EFBC}") = "CapaPresentacion", "CapaPresentacion\CapaPresentacion.csproj", "{CE627395-FCA8-4D39-95CC-34E2D43537C7}"
EndProject
Project("{FAE04EC0-301F-11D3-BF4B-00C04F79EFBC}") = "CapaEntidad", "CapaEntidad\CapaEntidad.csproj", "{C55EFF45-7D63-4025-949D-1D090BEC35A3}"
EndProject
Global
	GlobalSection(SolutionConfigurationPlatforms) = preSolution
		Debug|Any CPU = Debug|Any CPU
		Release|Any CPU = Release|Any CPU
	EndGlobalSection
	GlobalSection(ProjectConfigurationPlatforms) = postSolution
		{68995DDA-C1FE-46A7-9118-BCD6506CFD8B}.Debug|Any CPU.ActiveCfg = Debug|Any CPU
		{68995DDA-C1FE-46A7-9118-BCD6506CFD8B}.Debug|Any CPU.Build.0 = Debug|Any CPU
		{68995DDA-C1FE-46A7-9118-BCD6506CFD8B}.Release|Any CPU.ActiveCfg = Release|Any CPU
		{68995DDA-C1FE-46A7-9118-BCD6506CFD8B}.Release|Any CPU.Build.0 = Release|Any CPU
		{7FD17DFB-B9BC-4700-8B44-5D67E7EA2D03}.Debug|Any CPU.ActiveCfg = Debug|Any CPU
		{7FD17DFB-B9BC-4700-8B44-5D67E7EA2D03}.Debug|Any CPU.Build.0 = Debug|Any CPU
		{7FD17DFB-B9BC-4700-8B44-5D67E7EA2D03}.Release|Any CPU.ActiveCfg = Release|Any CPU
		{7FD17DFB-B9BC-4700-8B44-5D67E7EA2D03}.Release|Any CPU.Build.0 = Release|Any CPU
		{CE627395-FCA8-4D39-95CC-34E2D43537C7}.Debug|Any CPU.ActiveCfg = Debug|Any CPU
		{CE627395-FCA8-4D39-95CC-34E2D43537C7}.Debug|Any CPU.Build.0 = Debug|Any CPU
		{CE627395-FCA8-4D39-95CC-34E2D43537C7}.Release|Any CPU.ActiveCfg = Release|Any CPU
		{CE627395-FCA8-4D39-95CC-34E2D43537C7}.Release|Any CPU.Build.0 = Release|Any CPU
		{C55EFF45-7D63-4025-949D-1D090BEC35A3}.Debug|Any CPU.ActiveCfg = Debug|Any CPU
		{C55EFF45-7D63-4025-949D-1D090BEC35A3}.Debug|Any CPU.Build.0 = Debug|Any CPU
		{C55EFF45-7D63-4025-949D-1D090BEC35A3}.Release|Any CPU.ActiveCfg = Release|Any CPU
		{C55EFF45-7D63-4025-949D-1D090BEC35A3}.Release|Any CPU.Build.0 = Release|Any CPU
	EndGlobalSection
	GlobalSection(SolutionProperties) = preSolution
		HideSolutionNode = FALSE
	EndGlobalSection
	GlobalSection(ExtensibilityGlobals) = postSolution
		SolutionGuid = {663634DD-42D1-4C62-BBC8-01BF2DE4B01F}
	EndGlobalSection
EndGlobal
